Microsoft Visual Studio Solution File, Format Version 12.00
# Visual Studio Version 17
VisualStudioVersion = 17.5.2.0
MinimumVisualStudioVersion = 10.0.40219.1
Project("{2150E333-8FDC-42A3-9474-1A3956D46DE8}") = "Semana 4", "Semana 4", "{1EC8B111-6A39-F47B-1E57-C02D6AFFCCE2}"
EndProject
Project("{FAE04EC0-301F-11D3-BF4B-00C04F79EFBC}") = "AgendaClinica", "Semana 4\AgendaClinica\AgendaClinica.csproj", "{C6E8051E-5C7C-D674-D531-9E7A48AE3CFA}"
EndProject
Global
	GlobalSection(SolutionConfigurationPlatforms) = preSolution
		Debug|Any CPU = Debug|Any CPU
		Release|Any CPU = Release|Any CPU
	EndGlobalSection
	GlobalSection(ProjectConfigurationPlatforms) = postSolution
		{C6E8051E-5C7C-D674-D531-9E7A48AE3CFA}.Debug|Any CPU.ActiveCfg = Debug|Any CPU
		{C6E8051E-5C7C-D674-D531-9E7A48AE3CFA}.Debug|Any CPU.Build.0 = Debug|Any CPU
		{C6E8051E-5C7C-D674-D531-9E7A48AE3CFA}.Release|Any CPU.ActiveCfg = Release|Any CPU
		{C6E8051E-5C7C-D674-D531-9E7A48AE3CFA}.Release|Any CPU.Build.0 = Release|Any CPU
	EndGlobalSection
	GlobalSection(SolutionProperties) = preSolution
		HideSolutionNode = FALSE
	EndGlobalSection
	GlobalSection(NestedProjects) = preSolution
		{C6E8051E-5C7C-D674-D531-9E7A48AE3CFA} = {1EC8B111-6A39-F47B-1E57-C02D6AFFCCE2}
	EndGlobalSection
	GlobalSection(ExtensibilityGlobals) = postSolution
		SolutionGuid = {B7DFB4B7-E0A4-44D6-A783-9A99E9B9AFBE}
	EndGlobalSection
EndGlobal
