Microsoft Visual Studio Solution File, Format Version 12.00
# Visual Studio Version 17
VisualStudioVersion = 17.5.2.0
MinimumVisualStudioVersion = 10.0.40219.1
Project("{2150E333-8FDC-42A3-9474-1A3956D46DE8}") = "Semana 2", "Semana 2", "{7D894C9F-5436-F01D-73AA-2E91C930A238}"
EndProject
Project("{2150E333-8FDC-42A3-9474-1A3956D46DE8}") = "Semana 3", "Semana 3", "{2FB77CF3-8AD3-4C8B-BCF4-643BCDE15060}"
EndProject
Project("{2150E333-8FDC-42A3-9474-1A3956D46DE8}") = "Semana 4", "Semana 4", "{1EC8B111-6A39-F47B-1E57-C02D6AFFCCE2}"
EndProject
Project("{2150E333-8FDC-42A3-9474-1A3956D46DE8}") = "Semana 5", "Semana 5", "{33D37410-A9CA-0AA7-EEA6-6E45C644110B}"
EndProject
Project("{FAE04EC0-301F-11D3-BF4B-00C04F79EFBC}") = "FigurasGeometrica", "Semana 2\FigurasGeometrica\FigurasGeometrica.csproj", "{B7C5FCCC-1FEB-7829-51A2-3BA54D268E72}"
EndProject
Project("{FAE04EC0-301F-11D3-BF4B-00C04F79EFBC}") = "Arrays_matrices", "Semana 3\Arrays_matrices\Arrays_matrices.csproj", "{59403AF1-4670-6F15-1750-FB304933D0D5}"
EndProject
Project("{FAE04EC0-301F-11D3-BF4B-00C04F79EFBC}") = "AgendaClinica", "Semana 4\AgendaClinica\AgendaClinica.csproj", "{C6E8051E-5C7C-D674-D531-9E7A48AE3CFA}"
EndProject
Project("{2150E333-8FDC-42A3-9474-1A3956D46DE8}") = "Ejercicio_10", "Ejercicio_10", "{27762AE5-74B7-C601-24E1-D2804D5C9DE3}"
EndProject
Project("{FAE04EC0-301F-11D3-BF4B-00C04F79EFBC}") = "Ejercicio_10", "Semana 5\Ejercicio_10\Ejercicio_10\Ejercicio_10.csproj", "{FF339F3D-E8A6-89CD-9E76-D4F103743881}"
EndProject
Project("{2150E333-8FDC-42A3-9474-1A3956D46DE8}") = "Ejercicio_11", "Ejercicio_11", "{AD515437-6CBF-3E66-F503-CA0A50DFF7F9}"
EndProject
Project("{FAE04EC0-301F-11D3-BF4B-00C04F79EFBC}") = "Ejercicio_11", "Semana 5\Ejercicio_11\Ejercicio_11\Ejercicio_11.csproj", "{18B2CA4C-B410-EA16-B40F-79B84CC732B3}"
EndProject
Project("{2150E333-8FDC-42A3-9474-1A3956D46DE8}") = "Ejercicio_13", "Ejercicio_13", "{1460E724-AF7C-92B7-AB82-F05ABCAFA0CA}"
EndProject
Project("{FAE04EC0-301F-11D3-BF4B-00C04F79EFBC}") = "Ejercicio_13", "Semana 5\Ejercicio_13\Ejercicio_13\Ejercicio_13.csproj", "{D86911F6-EEF3-373E-48C9-9E0885B0CBC8}"
EndProject
Project("{2150E333-8FDC-42A3-9474-1A3956D46DE8}") = "Ejercicio_2", "Ejercicio_2", "{DC7AB053-BBC5-E771-8C94-DB17E5F5E0B8}"
EndProject
Project("{FAE04EC0-301F-11D3-BF4B-00C04F79EFBC}") = "Ejercicio_2", "Semana 5\Ejercicio_2\Ejercicio_2\Ejercicio_2.csproj", "{C33CA28C-28FE-3CC9-FC05-0FD64F099C13}"
EndProject
Project("{2150E333-8FDC-42A3-9474-1A3956D46DE8}") = "Ejercicio_9", "Ejercicio_9", "{C0C7EE5B-0572-E126-73DA-F180DD01D271}"
EndProject
Project("{FAE04EC0-301F-11D3-BF4B-00C04F79EFBC}") = "Ejercicio_9", "Semana 5\Ejercicio_9\Ejercicio_9\Ejercicio_9.csproj", "{3A6D3BDA-5DE4-D38D-C13A-542BD00BEDDF}"
EndProject
Global
	GlobalSection(SolutionConfigurationPlatforms) = preSolution
		Debug|Any CPU = Debug|Any CPU
		Release|Any CPU = Release|Any CPU
	EndGlobalSection
	GlobalSection(ProjectConfigurationPlatforms) = postSolution
		{B7C5FCCC-1FEB-7829-51A2-3BA54D268E72}.Debug|Any CPU.ActiveCfg = Debug|Any CPU
		{B7C5FCCC-1FEB-7829-51A2-3BA54D268E72}.Debug|Any CPU.Build.0 = Debug|Any CPU
		{B7C5FCCC-1FEB-7829-51A2-3BA54D268E72}.Release|Any CPU.ActiveCfg = Release|Any CPU
		{B7C5FCCC-1FEB-7829-51A2-3BA54D268E72}.Release|Any CPU.Build.0 = Release|Any CPU
		{59403AF1-4670-6F15-1750-FB304933D0D5}.Debug|Any CPU.ActiveCfg = Debug|Any CPU
		{59403AF1-4670-6F15-1750-FB304933D0D5}.Debug|Any CPU.Build.0 = Debug|Any CPU
		{59403AF1-4670-6F15-1750-FB304933D0D5}.Release|Any CPU.ActiveCfg = Release|Any CPU
		{59403AF1-4670-6F15-1750-FB304933D0D5}.Release|Any CPU.Build.0 = Release|Any CPU
		{C6E8051E-5C7C-D674-D531-9E7A48AE3CFA}.Debug|Any CPU.ActiveCfg = Debug|Any CPU
		{C6E8051E-5C7C-D674-D531-9E7A48AE3CFA}.Debug|Any CPU.Build.0 = Debug|Any CPU
		{C6E8051E-5C7C-D674-D531-9E7A48AE3CFA}.Release|Any CPU.ActiveCfg = Release|Any CPU
		{C6E8051E-5C7C-D674-D531-9E7A48AE3CFA}.Release|Any CPU.Build.0 = Release|Any CPU
		{FF339F3D-E8A6-89CD-9E76-D4F103743881}.Debug|Any CPU.ActiveCfg = Debug|Any CPU
		{FF339F3D-E8A6-89CD-9E76-D4F103743881}.Debug|Any CPU.Build.0 = Debug|Any CPU
		{FF339F3D-E8A6-89CD-9E76-D4F103743881}.Release|Any CPU.ActiveCfg = Release|Any CPU
		{FF339F3D-E8A6-89CD-9E76-D4F103743881}.Release|Any CPU.Build.0 = Release|Any CPU
		{18B2CA4C-B410-EA16-B40F-79B84CC732B3}.Debug|Any CPU.ActiveCfg = Debug|Any CPU
		{18B2CA4C-B410-EA16-B40F-79B84CC732B3}.Debug|Any CPU.Build.0 = Debug|Any CPU
		{18B2CA4C-B410-EA16-B40F-79B84CC732B3}.Release|Any CPU.ActiveCfg = Release|Any CPU
		{18B2CA4C-B410-EA16-B40F-79B84CC732B3}.Release|Any CPU.Build.0 = Release|Any CPU
		{D86911F6-EEF3-373E-48C9-9E0885B0CBC8}.Debug|Any CPU.ActiveCfg = Debug|Any CPU
		{D86911F6-EEF3-373E-48C9-9E0885B0CBC8}.Debug|Any CPU.Build.0 = Debug|Any CPU
		{D86911F6-EEF3-373E-48C9-9E0885B0CBC8}.Release|Any CPU.ActiveCfg = Release|Any CPU
		{D86911F6-EEF3-373E-48C9-9E0885B0CBC8}.Release|Any CPU.Build.0 = Release|Any CPU
		{C33CA28C-28FE-3CC9-FC05-0FD64F099C13}.Debug|Any CPU.ActiveCfg = Debug|Any CPU
		{C33CA28C-28FE-3CC9-FC05-0FD64F099C13}.Debug|Any CPU.Build.0 = Debug|Any CPU
		{C33CA28C-28FE-3CC9-FC05-0FD64F099C13}.Release|Any CPU.ActiveCfg = Release|Any CPU
		{C33CA28C-28FE-3CC9-FC05-0FD64F099C13}.Release|Any CPU.Build.0 = Release|Any CPU
		{3A6D3BDA-5DE4-D38D-C13A-542BD00BEDDF}.Debug|Any CPU.ActiveCfg = Debug|Any CPU
		{3A6D3BDA-5DE4-D38D-C13A-542BD00BEDDF}.Debug|Any CPU.Build.0 = Debug|Any CPU
		{3A6D3BDA-5DE4-D38D-C13A-542BD00BEDDF}.Release|Any CPU.ActiveCfg = Release|Any CPU
		{3A6D3BDA-5DE4-D38D-C13A-542BD00BEDDF}.Release|Any CPU.Build.0 = Release|Any CPU
	EndGlobalSection
	GlobalSection(SolutionProperties) = preSolution
		HideSolutionNode = FALSE
	EndGlobalSection
	GlobalSection(NestedProjects) = preSolution
		{B7C5FCCC-1FEB-7829-51A2-3BA54D268E72} = {7D894C9F-5436-F01D-73AA-2E91C930A238}
		{59403AF1-4670-6F15-1750-FB304933D0D5} = {2FB77CF3-8AD3-4C8B-BCF4-643BCDE15060}
		{C6E8051E-5C7C-D674-D531-9E7A48AE3CFA} = {1EC8B111-6A39-F47B-1E57-C02D6AFFCCE2}
		{27762AE5-74B7-C601-24E1-D2804D5C9DE3} = {33D37410-A9CA-0AA7-EEA6-6E45C644110B}
		{FF339F3D-E8A6-89CD-9E76-D4F103743881} = {27762AE5-74B7-C601-24E1-D2804D5C9DE3}
		{AD515437-6CBF-3E66-F503-CA0A50DFF7F9} = {33D37410-A9CA-0AA7-EEA6-6E45C644110B}
		{18B2CA4C-B410-EA16-B40F-79B84CC732B3} = {AD515437-6CBF-3E66-F503-CA0A50DFF7F9}
		{1460E724-AF7C-92B7-AB82-F05ABCAFA0CA} = {33D37410-A9CA-0AA7-EEA6-6E45C644110B}
		{D86911F6-EEF3-373E-48C9-9E0885B0CBC8} = {1460E724-AF7C-92B7-AB82-F05ABCAFA0CA}
		{DC7AB053-BBC5-E771-8C94-DB17E5F5E0B8} = {33D37410-A9CA-0AA7-EEA6-6E45C644110B}
		{C33CA28C-28FE-3CC9-FC05-0FD64F099C13} = {DC7AB053-BBC5-E771-8C94-DB17E5F5E0B8}
		{C0C7EE5B-0572-E126-73DA-F180DD01D271} = {33D37410-A9CA-0AA7-EEA6-6E45C644110B}
		{3A6D3BDA-5DE4-D38D-C13A-542BD00BEDDF} = {C0C7EE5B-0572-E126-73DA-F180DD01D271}
	EndGlobalSection
	GlobalSection(ExtensibilityGlobals) = postSolution
		SolutionGuid = {13C4461F-E092-459C-967F-05550A40C773}
	EndGlobalSection
EndGlobal
